
Microsoft Visual Studio Solution File, Format Version 12.00
Project("{2150E333-8FDC-42A3-9474-1A3956D46DE8}") = "src", "src", "{4C603C83-7266-4C20-8F9B-AAEB21ADDC99}"
EndProject
Project("{FAE04EC0-301F-11D3-BF4B-00C04F79EFBC}") = "Simbir.GO.API", "Simbir.GO.API\Simbir.GO.API.csproj", "{0FD53A02-0B04-43E7-A726-5748957CD99D}"
EndProject
Project("{FAE04EC0-301F-11D3-BF4B-00C04F79EFBC}") = "Simbir.GO.Core", "Simbir.GO.Core\Simbir.GO.Core.csproj", "{022CD5D2-0FD0-4DE5-80A8-A20C4F363328}"
EndProject
Project("{FAE04EC0-301F-11D3-BF4B-00C04F79EFBC}") = "Simbir.GO.Infrastructure", "Simbir.GO.Infrastructure\Simbir.GO.Infrastructure.csproj", "{11B9513B-7EA5-4157-85D5-A9CBC613063B}"
EndProject
Project("{FAE04EC0-301F-11D3-BF4B-00C04F79EFBC}") = "Simbir.GO.Domain", "Simbir.GO.Domain\Simbir.GO.Domain.csproj", "{91523693-7119-45B8-8D5B-B4D43183F426}"
EndProject
Project("{2150E333-8FDC-42A3-9474-1A3956D46DE8}") = "tests", "tests", "{922BABA8-9222-4040-87F7-F4CB34816C50}"
EndProject
Project("{FAE04EC0-301F-11D3-BF4B-00C04F79EFBC}") = "UnitTests", "UnitTests\UnitTests.csproj", "{B17395A0-607B-4D40-8D18-260E532D3DD7}"
EndProject
Project("{FAE04EC0-301F-11D3-BF4B-00C04F79EFBC}") = "IntegrationTests", "IntegrationTests\IntegrationTests.csproj", "{46A31BD1-A43A-47D4-AFB8-0A251FE13A4E}"
EndProject
Project("{FAE04EC0-301F-11D3-BF4B-00C04F79EFBC}") = "FunctionalTests", "FunctionalTests\FunctionalTests.csproj", "{8F51C182-3B42-4242-806B-718953A5CEA1}"
EndProject
Global
	GlobalSection(SolutionConfigurationPlatforms) = preSolution
		Debug|Any CPU = Debug|Any CPU
		Release|Any CPU = Release|Any CPU
	EndGlobalSection
	GlobalSection(ProjectConfigurationPlatforms) = postSolution
		{0FD53A02-0B04-43E7-A726-5748957CD99D}.Debug|Any CPU.ActiveCfg = Debug|Any CPU
		{0FD53A02-0B04-43E7-A726-5748957CD99D}.Debug|Any CPU.Build.0 = Debug|Any CPU
		{0FD53A02-0B04-43E7-A726-5748957CD99D}.Release|Any CPU.ActiveCfg = Release|Any CPU
		{0FD53A02-0B04-43E7-A726-5748957CD99D}.Release|Any CPU.Build.0 = Release|Any CPU
		{022CD5D2-0FD0-4DE5-80A8-A20C4F363328}.Debug|Any CPU.ActiveCfg = Debug|Any CPU
		{022CD5D2-0FD0-4DE5-80A8-A20C4F363328}.Debug|Any CPU.Build.0 = Debug|Any CPU
		{022CD5D2-0FD0-4DE5-80A8-A20C4F363328}.Release|Any CPU.ActiveCfg = Release|Any CPU
		{022CD5D2-0FD0-4DE5-80A8-A20C4F363328}.Release|Any CPU.Build.0 = Release|Any CPU
		{11B9513B-7EA5-4157-85D5-A9CBC613063B}.Debug|Any CPU.ActiveCfg = Debug|Any CPU
		{11B9513B-7EA5-4157-85D5-A9CBC613063B}.Debug|Any CPU.Build.0 = Debug|Any CPU
		{11B9513B-7EA5-4157-85D5-A9CBC613063B}.Release|Any CPU.ActiveCfg = Release|Any CPU
		{11B9513B-7EA5-4157-85D5-A9CBC613063B}.Release|Any CPU.Build.0 = Release|Any CPU
		{91523693-7119-45B8-8D5B-B4D43183F426}.Debug|Any CPU.ActiveCfg = Debug|Any CPU
		{91523693-7119-45B8-8D5B-B4D43183F426}.Debug|Any CPU.Build.0 = Debug|Any CPU
		{91523693-7119-45B8-8D5B-B4D43183F426}.Release|Any CPU.ActiveCfg = Release|Any CPU
		{91523693-7119-45B8-8D5B-B4D43183F426}.Release|Any CPU.Build.0 = Release|Any CPU
		{B17395A0-607B-4D40-8D18-260E532D3DD7}.Debug|Any CPU.ActiveCfg = Debug|Any CPU
		{B17395A0-607B-4D40-8D18-260E532D3DD7}.Debug|Any CPU.Build.0 = Debug|Any CPU
		{B17395A0-607B-4D40-8D18-260E532D3DD7}.Release|Any CPU.ActiveCfg = Release|Any CPU
		{B17395A0-607B-4D40-8D18-260E532D3DD7}.Release|Any CPU.Build.0 = Release|Any CPU
		{46A31BD1-A43A-47D4-AFB8-0A251FE13A4E}.Debug|Any CPU.ActiveCfg = Debug|Any CPU
		{46A31BD1-A43A-47D4-AFB8-0A251FE13A4E}.Debug|Any CPU.Build.0 = Debug|Any CPU
		{46A31BD1-A43A-47D4-AFB8-0A251FE13A4E}.Release|Any CPU.ActiveCfg = Release|Any CPU
		{46A31BD1-A43A-47D4-AFB8-0A251FE13A4E}.Release|Any CPU.Build.0 = Release|Any CPU
		{8F51C182-3B42-4242-806B-718953A5CEA1}.Debug|Any CPU.ActiveCfg = Debug|Any CPU
		{8F51C182-3B42-4242-806B-718953A5CEA1}.Debug|Any CPU.Build.0 = Debug|Any CPU
		{8F51C182-3B42-4242-806B-718953A5CEA1}.Release|Any CPU.ActiveCfg = Release|Any CPU
		{8F51C182-3B42-4242-806B-718953A5CEA1}.Release|Any CPU.Build.0 = Release|Any CPU
	EndGlobalSection
	GlobalSection(NestedProjects) = preSolution
		{0FD53A02-0B04-43E7-A726-5748957CD99D} = {4C603C83-7266-4C20-8F9B-AAEB21ADDC99}
		{022CD5D2-0FD0-4DE5-80A8-A20C4F363328} = {4C603C83-7266-4C20-8F9B-AAEB21ADDC99}
		{91523693-7119-45B8-8D5B-B4D43183F426} = {4C603C83-7266-4C20-8F9B-AAEB21ADDC99}
		{11B9513B-7EA5-4157-85D5-A9CBC613063B} = {4C603C83-7266-4C20-8F9B-AAEB21ADDC99}
		{B17395A0-607B-4D40-8D18-260E532D3DD7} = {922BABA8-9222-4040-87F7-F4CB34816C50}
		{46A31BD1-A43A-47D4-AFB8-0A251FE13A4E} = {922BABA8-9222-4040-87F7-F4CB34816C50}
		{8F51C182-3B42-4242-806B-718953A5CEA1} = {922BABA8-9222-4040-87F7-F4CB34816C50}
	EndGlobalSection
EndGlobal
