
Microsoft Visual Studio Solution File, Format Version 12.00
Project("{FAE04EC0-301F-11D3-BF4B-00C04F79EFBC}") = "Simbir.GO.Server.API", "Simbir.GO.Server.API\Simbir.GO.Server.API.csproj", "{0FD53A02-0B04-43E7-A726-5748957CD99D}"
EndProject
Project("{FAE04EC0-301F-11D3-BF4B-00C04F79EFBC}") = "Simbir.GO.Server.Core", "Simbir.GO.Server.Core\Simbir.GO.Server.Core.csproj", "{022CD5D2-0FD0-4DE5-80A8-A20C4F363328}"
EndProject
Project("{FAE04EC0-301F-11D3-BF4B-00C04F79EFBC}") = "Simbir.GO.Server.Infrastructure", "Simbir.GO.Server.Infrastructure\Simbir.GO.Server.Infrastructure.csproj", "{11B9513B-7EA5-4157-85D5-A9CBC613063B}"
EndProject
Project("{FAE04EC0-301F-11D3-BF4B-00C04F79EFBC}") = "Simbir.GO.Server.Domain", "Simbir.GO.Server.Domain\Simbir.GO.Server.Domain.csproj", "{91523693-7119-45B8-8D5B-B4D43183F426}"
EndProject
Global
	GlobalSection(SolutionConfigurationPlatforms) = preSolution
		Debug|Any CPU = Debug|Any CPU
		Release|Any CPU = Release|Any CPU
	EndGlobalSection
	GlobalSection(ProjectConfigurationPlatforms) = postSolution
		{0FD53A02-0B04-43E7-A726-5748957CD99D}.Debug|Any CPU.ActiveCfg = Debug|Any CPU
		{0FD53A02-0B04-43E7-A726-5748957CD99D}.Debug|Any CPU.Build.0 = Debug|Any CPU
		{0FD53A02-0B04-43E7-A726-5748957CD99D}.Release|Any CPU.ActiveCfg = Release|Any CPU
		{0FD53A02-0B04-43E7-A726-5748957CD99D}.Release|Any CPU.Build.0 = Release|Any CPU
		{022CD5D2-0FD0-4DE5-80A8-A20C4F363328}.Debug|Any CPU.ActiveCfg = Debug|Any CPU
		{022CD5D2-0FD0-4DE5-80A8-A20C4F363328}.Debug|Any CPU.Build.0 = Debug|Any CPU
		{022CD5D2-0FD0-4DE5-80A8-A20C4F363328}.Release|Any CPU.ActiveCfg = Release|Any CPU
		{022CD5D2-0FD0-4DE5-80A8-A20C4F363328}.Release|Any CPU.Build.0 = Release|Any CPU
		{11B9513B-7EA5-4157-85D5-A9CBC613063B}.Debug|Any CPU.ActiveCfg = Debug|Any CPU
		{11B9513B-7EA5-4157-85D5-A9CBC613063B}.Debug|Any CPU.Build.0 = Debug|Any CPU
		{11B9513B-7EA5-4157-85D5-A9CBC613063B}.Release|Any CPU.ActiveCfg = Release|Any CPU
		{11B9513B-7EA5-4157-85D5-A9CBC613063B}.Release|Any CPU.Build.0 = Release|Any CPU
		{91523693-7119-45B8-8D5B-B4D43183F426}.Debug|Any CPU.ActiveCfg = Debug|Any CPU
		{91523693-7119-45B8-8D5B-B4D43183F426}.Debug|Any CPU.Build.0 = Debug|Any CPU
		{91523693-7119-45B8-8D5B-B4D43183F426}.Release|Any CPU.ActiveCfg = Release|Any CPU
		{91523693-7119-45B8-8D5B-B4D43183F426}.Release|Any CPU.Build.0 = Release|Any CPU
	EndGlobalSection
EndGlobal
